
Microsoft Visual Studio Solution File, Format Version 12.00
# Visual Studio Version 17
VisualStudioVersion = 17.6.33815.320
MinimumVisualStudioVersion = 10.0.40219.1
Project("{FAE04EC0-301F-11D3-BF4B-00C04F79EFBC}") = "rEST API3", "rEST API3\rEST API3.csproj", "{888C0E9F-83D3-4583-A4FA-04D60674AF0E}"
EndProject
Project("{2150E333-8FDC-42A3-9474-1A3956D46DE8}") = "Solution Items", "Solution Items", "{2489CA8D-B524-4435-99DF-05B4D32D34B1}"
	ProjectSection(SolutionItems) = preProject
		..\calculatorlog.accdb = ..\calculatorlog.accdb
		AccessDatabaseService.cs = AccessDatabaseService.cs
	EndProjectSection
EndProject
Project("{2150E333-8FDC-42A3-9474-1A3956D46DE8}") = "wwwroot", "wwwroot", "{9B511683-1F3A-4E34-97C6-FE537DC82730}"
EndProject
Project("{2150E333-8FDC-42A3-9474-1A3956D46DE8}") = "data", "data", "{F817D651-3554-4403-BD2A-6D34F52A893D}"
EndProject
Global
	GlobalSection(SolutionConfigurationPlatforms) = preSolution
		Debug|Any CPU = Debug|Any CPU
		Release|Any CPU = Release|Any CPU
	EndGlobalSection
	GlobalSection(ProjectConfigurationPlatforms) = postSolution
		{888C0E9F-83D3-4583-A4FA-04D60674AF0E}.Debug|Any CPU.ActiveCfg = Debug|Any CPU
		{888C0E9F-83D3-4583-A4FA-04D60674AF0E}.Debug|Any CPU.Build.0 = Debug|Any CPU
		{888C0E9F-83D3-4583-A4FA-04D60674AF0E}.Release|Any CPU.ActiveCfg = Release|Any CPU
		{888C0E9F-83D3-4583-A4FA-04D60674AF0E}.Release|Any CPU.Build.0 = Release|Any CPU
	EndGlobalSection
	GlobalSection(SolutionProperties) = preSolution
		HideSolutionNode = FALSE
	EndGlobalSection
	GlobalSection(NestedProjects) = preSolution
		{F817D651-3554-4403-BD2A-6D34F52A893D} = {9B511683-1F3A-4E34-97C6-FE537DC82730}
	EndGlobalSection
	GlobalSection(ExtensibilityGlobals) = postSolution
		SolutionGuid = {FCD4572E-B077-4B05-ADEE-C7A3BEC47069}
	EndGlobalSection
EndGlobal
