
Microsoft Visual Studio Solution File, Format Version 12.00
# Visual Studio Version 17
VisualStudioVersion = 17.6.33815.320
MinimumVisualStudioVersion = 10.0.40219.1
Project("{FAE04EC0-301F-11D3-BF4B-00C04F79EFBC}") = "lastapi", "lastapi\lastapi.csproj", "{EA713665-01F3-4851-B740-C55A4415AD4D}"
EndProject
Global
	GlobalSection(SolutionConfigurationPlatforms) = preSolution
		Debug|Any CPU = Debug|Any CPU
		Release|Any CPU = Release|Any CPU
	EndGlobalSection
	GlobalSection(ProjectConfigurationPlatforms) = postSolution
		{EA713665-01F3-4851-B740-C55A4415AD4D}.Debug|Any CPU.ActiveCfg = Debug|Any CPU
		{EA713665-01F3-4851-B740-C55A4415AD4D}.Debug|Any CPU.Build.0 = Debug|Any CPU
		{EA713665-01F3-4851-B740-C55A4415AD4D}.Release|Any CPU.ActiveCfg = Release|Any CPU
		{EA713665-01F3-4851-B740-C55A4415AD4D}.Release|Any CPU.Build.0 = Release|Any CPU
	EndGlobalSection
	GlobalSection(SolutionProperties) = preSolution
		HideSolutionNode = FALSE
	EndGlobalSection
	GlobalSection(ExtensibilityGlobals) = postSolution
		SolutionGuid = {FFD20BA2-E050-4FB5-90AC-EEE6AE78262B}
	EndGlobalSection
EndGlobal
