
Microsoft Visual Studio Solution File, Format Version 12.00
# Visual Studio Version 17
VisualStudioVersion = 17.6.33815.320
MinimumVisualStudioVersion = 10.0.40219.1
Project("{FAE04EC0-301F-11D3-BF4B-00C04F79EFBC}") = "lastapi3", "lastapi3\lastapi3.csproj", "{ADC04E76-FC77-41BA-80E4-3DDCCFCFC8EF}"
EndProject
Global
	GlobalSection(SolutionConfigurationPlatforms) = preSolution
		Debug|Any CPU = Debug|Any CPU
		Release|Any CPU = Release|Any CPU
	EndGlobalSection
	GlobalSection(ProjectConfigurationPlatforms) = postSolution
		{ADC04E76-FC77-41BA-80E4-3DDCCFCFC8EF}.Debug|Any CPU.ActiveCfg = Debug|Any CPU
		{ADC04E76-FC77-41BA-80E4-3DDCCFCFC8EF}.Debug|Any CPU.Build.0 = Debug|Any CPU
		{ADC04E76-FC77-41BA-80E4-3DDCCFCFC8EF}.Release|Any CPU.ActiveCfg = Release|Any CPU
		{ADC04E76-FC77-41BA-80E4-3DDCCFCFC8EF}.Release|Any CPU.Build.0 = Release|Any CPU
	EndGlobalSection
	GlobalSection(SolutionProperties) = preSolution
		HideSolutionNode = FALSE
	EndGlobalSection
	GlobalSection(ExtensibilityGlobals) = postSolution
		SolutionGuid = {643BF98A-52D4-4B5B-9AE7-5935FC38D866}
	EndGlobalSection
EndGlobal
